github.com/aead/ecdh v0.2.0 h1:pYop54xVaq/CEREFEcukHRZfTdjiWvYIsZDXXrBapQQ=
github.com/aead/ecdh v0.2.0/go.mod h1:a9HHtXuSo8J1Js1MwLQx2mBhkXMT6YwUmVVEY4tTB8U=
github.com/davecgh/go-spew v1.1.0/go.mod h1:J7Y8YcW2NihsgmVo/mv3lAwl/skON4iLHjSsI+c5H38=
github.com/davecgh/go-spew v1.1.1 h1:vj9j/u1bqnvCEfJOwUhtlOARqs3+rkHYY13jYWTU97c=
github.com/davecgh/go-spew v1.1.1/go.mod h1:J7Y8YcW2NihsgmVo/mv3lAwl/skON4iLHjSsI+c5H38=
github.com/happybeing/webpack-golang-wasm-async-loader/gobridge v0.0.0-20201126150039-3d18007626dd h1:1jI/4y+zFqMvN8z4cfNgsh9hkllusgY5LFUpcWS8qZ4=
github.com/happybeing/webpack-golang-wasm-async-loader/gobridge v0.0.0-20201126150039-3d18007626dd/go.mod h1:ADm3WtCtL+5PPYEbcxjz8W/SI0sDzDZLBxgvy2jvNHA=
github.com/keybase/go-crypto v0.0.0-20200123153347-de78d2cb44f4 h1:cTxwSmnaqLoo+4tLukHoB9iqHOu3LmLhRmgUxZo6Vp4=
github.com/keybase/go-crypto v0.0.0-20200123153347-de78d2cb44f4/go.mod h1:ghbZscTyKdM07+Fw3KSi0hcJm+AlEUWj8QLlPtijN/M=
github.com/keybase/go-triplesec v0.0.0-20211109205539-1f96eeacbd86 h1:WBkAiUyX6s3by4xpKKHHnWixgRfCkRfPTvnggzgTzWk=
github.com/keybase/go-triplesec v0.0.0-20211109205539-1f96eeacbd86/go.mod h1:V+gy/TqD8lamMW/PhByZdxZ+bWDiVW4nWBPH81/4aek=
github.com/pmezard/go-difflib v1.0.0 h1:4DBwDE0NGyQoBHbLQYPwSUPoCMWR5BEzIk/f1lZbAQM=
github.com/pmezard/go-difflib v1.0.0/go.mod h1:iKH77koFhYxTK1pcRnkKkqfTogsbg7gZNVY4sRDYZ/4=
github.com/shitty-inc/sendshit-go v0.0.0-20190414120454-957652885e5e h1:u9s/8vsEfLkV4z4vM8Y9bRrjNLI0pK3WG9Jy/AHrAzo=
github.com/shitty-inc/sendshit-go v0.0.0-20190414120454-957652885e5e/go.mod h1:mT/dZMEP+ciwnORrxVbKUBnlBf0V9GvWJQxTCqPPhoE=
github.com/stretchr/objx v0.1.0/go.mod h1:HFkY916IF+rwdDfMAkV7OtwuqBVzrE8GR6GFx+wExME=
github.com/stretchr/testify v1.7.0 h1:nwc3DEeHmmLAfoZucVR881uASk0Mfjw8xYJ99tb5CcY=
github.com/stretchr/testify v1.7.0/go.mod h1:6Fq8oRcR53rry900zMqJjRRixrwX3KX962/h/Wwjteg=
github.com/vincent-petithory/dataurl v1.0.0 h1:cXw+kPto8NLuJtlMsI152irrVw9fRDX8AbShPRpg2CI=
github.com/vincent-petithory/dataurl v1.0.0/go.mod h1:FHafX5vmDzyP+1CQATJn7WFKc9CvnvxyvZy6I1MrG/U=
golang.org/x/crypto v0.0.0-20190211182817-74369b46fc67/go.mod h1:6SG95UA2DQfeDnfUPMdvaQW0Q7yPrPDi9nlGo2tz2b4=
golang.org/x/crypto v0.0.0-20211108221036-ceb1ce70b4fa h1:idItI2DDfCokpg0N51B2VtiLdJ4vAuXC9fnCb2gACo4=
golang.org/x/crypto v0.0.0-20211108221036-ceb1ce70b4fa/go.mod h1:GvvjBRRGRdwPK5ydBHafDWAxML/pGHZbMvKqRZ5+Abc=
golang.org/x/crypto v0.0.0-20220112180741-5e0467b6c7ce h1:Roh6XWxHFKrPgC/EQhVubSAGQ6Ozk6IdxHSzt1mR0EI=
golang.org/x/crypto v0.0.0-20220112180741-5e0467b6c7ce/go.mod h1:IxCIyHEi3zRg3s0A5j5BB6A9Jmi73HwBIUl50j+osU4=
golang.org/x/net v0.0.0-20210226172049-e18ecbb05110/go.mod h1:m0MpNAwzfU5UDzcl9v0D8zg8gWTRqZa9RBIspLL5mdg=
golang.org/x/sys v0.0.0-20201119102817-f84b799fce68/go.mod h1:h1NjWce9XRLGQEsW7wpKNCjG9DtNlClVuFLEZdDNbEs=
golang.org/x/sys v0.0.0-20210615035016-665e8c7367d1/go.mod h1:oPkhp1MJrh7nUepCBck5+mAzfO9JrbApNNgaTdGDITg=
golang.org/x/term v0.0.0-20201126162022-7de9c90e9dd1/go.mod h1:bj7SfCRtBDWHUb9snDiAeCFNEtKQo2Wmx5Cou7ajbmo=
golang.org/x/text v0.3.3/go.mod h1:5Zoc/QRtKVWzQhOtBMvqHzDpF6irO9z98xDceosuGiQ=
golang.org/x/tools v0.0.0-20180917221912-90fa682c2a6e/go.mod h1:n7NCudcB/nEzxVGmLbDWY5pfWTLqBcC2KZ6jyYvM4mQ=
gopkg.in/check.v1 v0.0.0-20161208181325-20d25e280405/go.mod h1:Co6ibVJAznAaIkqp8huTwlJQCZ016jof/cbN4VW5Yz0=
gopkg.in/yaml.v3 v3.0.0-20200313102051-9f266ea9e77c h1:dUUwHk2QECo/6vqA44rthZ8ie2QXMNeKRTHCNY2nXvo=
gopkg.in/yaml.v3 v3.0.0-20200313102051-9f266ea9e77c/go.mod h1:K4uyk7z7BCEPqu6E+C64Yfv1cQ7kz7rIZviUmN+EgEM=
